{
  "projects": [
    {
      "projectId": "pTPBBsFpDxNXZWEGB1hTFr",
      "version": "latest",
      "dependencies": {},
      "lang": "js",
      "fileLocks": [
        {
          "type": "globalVariant",
          "assetId": "kRUbIpMZpFGh",
          "checksum": "a3186b3cd8a97ddd7c6f78257ff6c50e"
        },
        {
          "assetId": "pTPBBsFpDxNXZWEGB1hTFr",
          "type": "projectCss",
          "checksum": "bf77ae4b452e80652b7ca2ffa84538e0"
        },
        {
          "type": "renderModule",
          "assetId": "_I5OjG_uQyxs",
          "checksum": "15136c668d0a5319d70dd2b7e83eb80c"
        },
        {
          "type": "cssRules",
          "assetId": "_I5OjG_uQyxs",
          "checksum": "15136c668d0a5319d70dd2b7e83eb80c"
        },
        {
          "type": "renderModule",
          "assetId": "1p5fdh61qH",
          "checksum": "e69185af9f13a03bd825bb1ddb57459e"
        },
        {
          "type": "cssRules",
          "assetId": "1p5fdh61qH",
          "checksum": "e69185af9f13a03bd825bb1ddb57459e"
        },
        {
          "type": "renderModule",
          "assetId": "oABxe4ux2c",
          "checksum": "4cbde8725ac00f87fe888fde5919945a"
        },
        {
          "type": "cssRules",
          "assetId": "oABxe4ux2c",
          "checksum": "4cbde8725ac00f87fe888fde5919945a"
        },
        {
          "type": "renderModule",
          "assetId": "bUJeyBWdrf",
          "checksum": "cfb427faf9039e002d7d7991334cb074"
        },
        {
          "type": "cssRules",
          "assetId": "bUJeyBWdrf",
          "checksum": "cfb427faf9039e002d7d7991334cb074"
        },
        {
          "type": "renderModule",
          "assetId": "yCIRZbQvnh",
          "checksum": "598bb8a640483c144c0a83a536d3a1fa"
        },
        {
          "type": "cssRules",
          "assetId": "yCIRZbQvnh",
          "checksum": "598bb8a640483c144c0a83a536d3a1fa"
        },
        {
          "type": "renderModule",
          "assetId": "-siGeKZerak",
          "checksum": "d00ba3ada6fc9e7979b274eeed5c7359"
        },
        {
          "type": "cssRules",
          "assetId": "-siGeKZerak",
          "checksum": "d00ba3ada6fc9e7979b274eeed5c7359"
        },
        {
          "type": "renderModule",
          "assetId": "Oyi9iDfv3d",
          "checksum": "017690b8522fc7176d32a163c5983751"
        },
        {
          "type": "cssRules",
          "assetId": "Oyi9iDfv3d",
          "checksum": "017690b8522fc7176d32a163c5983751"
        },
        {
          "type": "icon",
          "assetId": "-ahFsFddXQ",
          "checksum": "ac08eda6e4adc7531f42fdcad1198ffa"
        },
        {
          "type": "image",
          "assetId": "I5wDl1qne",
          "checksum": "7dbfe98c25d719b75908c0f093f99054"
        },
        {
          "type": "image",
          "assetId": "eZah2cmyn",
          "checksum": "a0112439f791743deccd97273496cb4e"
        },
        {
          "type": "image",
          "assetId": "ZC8QWy_Zi",
          "checksum": "62fee5b686e5f2fb9fd1d2379db55682"
        },
        {
          "type": "image",
          "assetId": "1SXiU5bF7",
          "checksum": "83649d84e0535ad636e34004d2f75999"
        },
        {
          "type": "image",
          "assetId": "uKM48n3lx",
          "checksum": "787a0958b54d2c5982d7d32a1035752f"
        },
        {
          "type": "image",
          "assetId": "qd5XPKha1",
          "checksum": "cd781e20b8256d6c9e610af192ee174d"
        },
        {
          "type": "image",
          "assetId": "99qTQZ7zU",
          "checksum": "194391a22bf8997c4a73e72f23c98e94"
        },
        {
          "type": "image",
          "assetId": "l_2GyJXSm",
          "checksum": "0b276ea4d5a53cdf71b09322c8cb7338"
        },
        {
          "type": "image",
          "assetId": "jUzoMixp9",
          "checksum": "cd12f160dc0877fc4dcab21150224ec2"
        },
        {
          "type": "image",
          "assetId": "LjVME0IBY",
          "checksum": "146edf1c0b06a7b2dce91df461d4db7d"
        },
        {
          "type": "image",
          "assetId": "PXKjY4Ijz",
          "checksum": "069ed02f2280a5b47848c8fb4f6f848b"
        },
        {
          "type": "image",
          "assetId": "vlNImSkK7",
          "checksum": "45276097afd2ebcab4e83d6a23ad840a"
        },
        {
          "type": "image",
          "assetId": "nc1yRop0L",
          "checksum": "0ee8758b13bcb714516bf0eadf170dc2"
        },
        {
          "type": "image",
          "assetId": "NI0t8fVY2",
          "checksum": "96a994bf023cd1b358f979a1b08fd8ef"
        },
        {
          "type": "image",
          "assetId": "PdR0s43fc",
          "checksum": "f32f96be494cd4881573b7dfa1588dff"
        },
        {
          "type": "image",
          "assetId": "E6ctTMScG",
          "checksum": "2d004cb11b8fcce0f3ed4a7bfb8faab7"
        },
        {
          "type": "image",
          "assetId": "_dw26uFeJ",
          "checksum": "a95f8911323783c0a75c8847bba8c3bf"
        },
        {
          "type": "image",
          "assetId": "sYfD5Tcq_",
          "checksum": "9b7cf7d0ba5a13517f71c21add83fcd4"
        },
        {
          "type": "image",
          "assetId": "OH-vdnzjC",
          "checksum": "7898d8b88511e6a33814288bae91fc04"
        },
        {
          "type": "image",
          "assetId": "b71JLqKKq",
          "checksum": "b13ba1c88435949050fe7122ad54f866"
        },
        {
          "type": "image",
          "assetId": "yKWkE0_Fi",
          "checksum": "210f1be67c9ee01397caccce6c51233f"
        },
        {
          "type": "image",
          "assetId": "YXIAdLH1o",
          "checksum": "ed2752e353473419ac1106bab0b2daf2"
        },
        {
          "type": "image",
          "assetId": "uyQQbrgCVb",
          "checksum": "fa284d2f7904c66e54b872ad13176415"
        },
        {
          "type": "image",
          "assetId": "2dVhgOn4X",
          "checksum": "25d29a7335a81b815459a625d6b82cd8"
        }
      ]
    }
  ],
  "cliVersion": "0.1.149"
}
